
Microsoft Visual Studio Solution File, Format Version 11.00
# Visual Studio 2010
# SharpDevelop 5.1
Project("{FAE04EC0-301F-11D3-BF4B-00C04F79EFBC}") = "melcDraw", "melcDraw\melcDraw.csproj", "{0CE42D31-4B72-4CDF-A91A-D4E5E6EE5932}"
EndProject
Global
	GlobalSection(SolutionConfigurationPlatforms) = preSolution
		Debug|Any CPU = Debug|Any CPU
		Release|Any CPU = Release|Any CPU
	EndGlobalSection
	GlobalSection(ProjectConfigurationPlatforms) = postSolution
		{0CE42D31-4B72-4CDF-A91A-D4E5E6EE5932}.Debug|Any CPU.ActiveCfg = Debug|Any CPU
		{0CE42D31-4B72-4CDF-A91A-D4E5E6EE5932}.Debug|Any CPU.Build.0 = Debug|Any CPU
		{0CE42D31-4B72-4CDF-A91A-D4E5E6EE5932}.Release|Any CPU.ActiveCfg = Release|Any CPU
		{0CE42D31-4B72-4CDF-A91A-D4E5E6EE5932}.Release|Any CPU.Build.0 = Release|Any CPU
	EndGlobalSection
EndGlobal
